
Microsoft Visual Studio Solution File, Format Version 12.00
# Visual Studio Version 17
VisualStudioVersion = 17.14.36327.8 d17.14
MinimumVisualStudioVersion = 10.0.40219.1
Project("{FAE04EC0-301F-11D3-BF4B-00C04F79EFBC}") = "LPS", "LPS\LPS.csproj", "{BE3F419F-DCD5-4BE4-8D7B-39EF3FA6361F}"
EndProject
Global
	GlobalSection(SolutionConfigurationPlatforms) = preSolution
		Debug|Any CPU = Debug|Any CPU
		Release|Any CPU = Release|Any CPU
	EndGlobalSection
	GlobalSection(ProjectConfigurationPlatforms) = postSolution
		{BE3F419F-DCD5-4BE4-8D7B-39EF3FA6361F}.Debug|Any CPU.ActiveCfg = Debug|Any CPU
		{BE3F419F-DCD5-4BE4-8D7B-39EF3FA6361F}.Debug|Any CPU.Build.0 = Debug|Any CPU
		{BE3F419F-DCD5-4BE4-8D7B-39EF3FA6361F}.Release|Any CPU.ActiveCfg = Release|Any CPU
		{BE3F419F-DCD5-4BE4-8D7B-39EF3FA6361F}.Release|Any CPU.Build.0 = Release|Any CPU
	EndGlobalSection
	GlobalSection(SolutionProperties) = preSolution
		HideSolutionNode = FALSE
	EndGlobalSection
	GlobalSection(ExtensibilityGlobals) = postSolution
		SolutionGuid = {F8686637-9404-4D9D-B5E1-3C9DE89EB2A7}
	EndGlobalSection
EndGlobal
